
Microsoft Visual Studio Solution File, Format Version 12.00
# Visual Studio Version 17
VisualStudioVersion = 17.3.32929.385
MinimumVisualStudioVersion = 10.0.40219.1
Project("{FAE04EC0-301F-11D3-BF4B-00C04F79EFBC}") = "graduation", "graduation\graduation.csproj", "{6D4E99FB-7985-41B9-ACF7-17ACB492522B}"
EndProject
Global
	GlobalSection(SolutionConfigurationPlatforms) = preSolution
		Debug|Any CPU = Debug|Any CPU
		Release|Any CPU = Release|Any CPU
	EndGlobalSection
	GlobalSection(ProjectConfigurationPlatforms) = postSolution
		{6D4E99FB-7985-41B9-ACF7-17ACB492522B}.Debug|Any CPU.ActiveCfg = Debug|Any CPU
		{6D4E99FB-7985-41B9-ACF7-17ACB492522B}.Debug|Any CPU.Build.0 = Debug|Any CPU
		{6D4E99FB-7985-41B9-ACF7-17ACB492522B}.Release|Any CPU.ActiveCfg = Release|Any CPU
		{6D4E99FB-7985-41B9-ACF7-17ACB492522B}.Release|Any CPU.Build.0 = Release|Any CPU
	EndGlobalSection
	GlobalSection(SolutionProperties) = preSolution
		HideSolutionNode = FALSE
	EndGlobalSection
	GlobalSection(ExtensibilityGlobals) = postSolution
		SolutionGuid = {BBE47806-C3EA-4A4F-9C46-0C46BAD7D649}
	EndGlobalSection
EndGlobal
